Microsoft Visual Studio Solution File, Format Version 12.00
# Visual Studio Version 17
VisualStudioVersion = 17.5.2.0
MinimumVisualStudioVersion = 10.0.40219.1
Project("{FAE04EC0-301F-11D3-BF4B-00C04F79EFBC}") = "WebScrapingAPI", "WebScrapingAPI.csproj", "{76293C40-AE4E-4F2E-42D2-2E541A1DF9B9}"
EndProject
Global
	GlobalSection(SolutionConfigurationPlatforms) = preSolution
		Debug|Any CPU = Debug|Any CPU
		Release|Any CPU = Release|Any CPU
	EndGlobalSection
	GlobalSection(ProjectConfigurationPlatforms) = postSolution
		{76293C40-AE4E-4F2E-42D2-2E541A1DF9B9}.Debug|Any CPU.ActiveCfg = Debug|Any CPU
		{76293C40-AE4E-4F2E-42D2-2E541A1DF9B9}.Debug|Any CPU.Build.0 = Debug|Any CPU
		{76293C40-AE4E-4F2E-42D2-2E541A1DF9B9}.Release|Any CPU.ActiveCfg = Release|Any CPU
		{76293C40-AE4E-4F2E-42D2-2E541A1DF9B9}.Release|Any CPU.Build.0 = Release|Any CPU
	EndGlobalSection
	GlobalSection(SolutionProperties) = preSolution
		HideSolutionNode = FALSE
	EndGlobalSection
	GlobalSection(ExtensibilityGlobals) = postSolution
		SolutionGuid = {F8EEE670-BCF4-493D-9747-52C8F5457FA9}
	EndGlobalSection
EndGlobal
